
Microsoft Visual Studio Solution File, Format Version 12.00
# Visual Studio 2013
VisualStudioVersion = 12.0.31101.0
MinimumVisualStudioVersion = 10.0.40219.1
Project("{2150E333-8FDC-42A3-9474-1A3956D46DE8}") = "Src", "Src", "{35E488C6-ECAD-4EA8-8C1C-8DDBC2494027}"
EndProject
Project("{D954291E-2A0B-460D-934E-DC6B0785DB48}") = "SQRL.Shared", "Src\SQRL.Shared\SQRL.Shared.shproj", "{CDD136D8-F3D7-46AB-A212-FC13EA199AE4}"
EndProject
Project("{FAE04EC0-301F-11D3-BF4B-00C04F79EFBC}") = "SQRL.Windows", "Src\SQRL.Windows\SQRL.Windows.csproj", "{03DE1B31-C1EB-4AE2-A4DC-72D48B9A4334}"
EndProject
Project("{FAE04EC0-301F-11D3-BF4B-00C04F79EFBC}") = "SQRL.WindowsPhone", "Src\SQRL.WindowsPhone\SQRL.WindowsPhone.csproj", "{73E7E04F-8887-41BF-9CED-FB51F8AE3C1D}"
EndProject
Project("{2150E333-8FDC-42A3-9474-1A3956D46DE8}") = "Solution Items", "Solution Items", "{11B08CBD-0B14-4332-9F8D-E6091CAC8888}"
	ProjectSection(SolutionItems) = preProject
		.gitattributes = .gitattributes
		.gitignore = .gitignore
		LICENSE = LICENSE
		README.md = README.md
		VERSION = VERSION
	EndProjectSection
EndProject
Project("{FAE04EC0-301F-11D3-BF4B-00C04F79EFBC}") = "SQRL.Core.Test", "Tests\SQRL.Core.Test\SQRL.Core.Test.csproj", "{00638684-58CA-46D0-A8F6-FDE361915791}"
EndProject
Project("{FAE04EC0-301F-11D3-BF4B-00C04F79EFBC}") = "SQRL.Core", "Src\SQRL.Core\SQRL.Core.csproj", "{4ADD2892-4068-4814-801C-0EF5807B002D}"
EndProject
Project("{2150E333-8FDC-42A3-9474-1A3956D46DE8}") = "Tests", "Tests", "{26938B02-E726-43F5-84CE-C0BC700C0BF6}"
EndProject
Global
	GlobalSection(SharedMSBuildProjectFiles) = preSolution
		Src\SQRL.Shared\SQRL.Shared.projitems*{03de1b31-c1eb-4ae2-a4dc-72d48b9a4334}*SharedItemsImports = 4
		Src\SQRL.Shared\SQRL.Shared.projitems*{cdd136d8-f3d7-46ab-a212-fc13ea199ae4}*SharedItemsImports = 13
		Src\SQRL.Shared\SQRL.Shared.projitems*{73e7e04f-8887-41bf-9ced-fb51f8ae3c1d}*SharedItemsImports = 4
	EndGlobalSection
	GlobalSection(SolutionConfigurationPlatforms) = preSolution
		Debug|Any CPU = Debug|Any CPU
		Debug|ARM = Debug|ARM
		Debug|x64 = Debug|x64
		Debug|x86 = Debug|x86
		Release|Any CPU = Release|Any CPU
		Release|ARM = Release|ARM
		Release|x64 = Release|x64
		Release|x86 = Release|x86
	EndGlobalSection
	GlobalSection(ProjectConfigurationPlatforms) = postSolution
		{03DE1B31-C1EB-4AE2-A4DC-72D48B9A4334}.Debug|Any CPU.ActiveCfg = Debug|Any CPU
		{03DE1B31-C1EB-4AE2-A4DC-72D48B9A4334}.Debug|Any CPU.Build.0 = Debug|Any CPU
		{03DE1B31-C1EB-4AE2-A4DC-72D48B9A4334}.Debug|Any CPU.Deploy.0 = Debug|Any CPU
		{03DE1B31-C1EB-4AE2-A4DC-72D48B9A4334}.Debug|ARM.ActiveCfg = Debug|ARM
		{03DE1B31-C1EB-4AE2-A4DC-72D48B9A4334}.Debug|ARM.Build.0 = Debug|ARM
		{03DE1B31-C1EB-4AE2-A4DC-72D48B9A4334}.Debug|ARM.Deploy.0 = Debug|ARM
		{03DE1B31-C1EB-4AE2-A4DC-72D48B9A4334}.Debug|x64.ActiveCfg = Debug|x64
		{03DE1B31-C1EB-4AE2-A4DC-72D48B9A4334}.Debug|x64.Build.0 = Debug|x64
		{03DE1B31-C1EB-4AE2-A4DC-72D48B9A4334}.Debug|x64.Deploy.0 = Debug|x64
		{03DE1B31-C1EB-4AE2-A4DC-72D48B9A4334}.Debug|x86.ActiveCfg = Debug|x86
		{03DE1B31-C1EB-4AE2-A4DC-72D48B9A4334}.Debug|x86.Build.0 = Debug|x86
		{03DE1B31-C1EB-4AE2-A4DC-72D48B9A4334}.Debug|x86.Deploy.0 = Debug|x86
		{03DE1B31-C1EB-4AE2-A4DC-72D48B9A4334}.Release|Any CPU.ActiveCfg = Release|Any CPU
		{03DE1B31-C1EB-4AE2-A4DC-72D48B9A4334}.Release|Any CPU.Build.0 = Release|Any CPU
		{03DE1B31-C1EB-4AE2-A4DC-72D48B9A4334}.Release|Any CPU.Deploy.0 = Release|Any CPU
		{03DE1B31-C1EB-4AE2-A4DC-72D48B9A4334}.Release|ARM.ActiveCfg = Release|ARM
		{03DE1B31-C1EB-4AE2-A4DC-72D48B9A4334}.Release|ARM.Build.0 = Release|ARM
		{03DE1B31-C1EB-4AE2-A4DC-72D48B9A4334}.Release|ARM.Deploy.0 = Release|ARM
		{03DE1B31-C1EB-4AE2-A4DC-72D48B9A4334}.Release|x64.ActiveCfg = Release|x64
		{03DE1B31-C1EB-4AE2-A4DC-72D48B9A4334}.Release|x64.Build.0 = Release|x64
		{03DE1B31-C1EB-4AE2-A4DC-72D48B9A4334}.Release|x64.Deploy.0 = Release|x64
		{03DE1B31-C1EB-4AE2-A4DC-72D48B9A4334}.Release|x86.ActiveCfg = Release|x86
		{03DE1B31-C1EB-4AE2-A4DC-72D48B9A4334}.Release|x86.Build.0 = Release|x86
		{03DE1B31-C1EB-4AE2-A4DC-72D48B9A4334}.Release|x86.Deploy.0 = Release|x86
		{73E7E04F-8887-41BF-9CED-FB51F8AE3C1D}.Debug|Any CPU.ActiveCfg = Debug|Any CPU
		{73E7E04F-8887-41BF-9CED-FB51F8AE3C1D}.Debug|Any CPU.Build.0 = Debug|Any CPU
		{73E7E04F-8887-41BF-9CED-FB51F8AE3C1D}.Debug|Any CPU.Deploy.0 = Debug|Any CPU
		{73E7E04F-8887-41BF-9CED-FB51F8AE3C1D}.Debug|ARM.ActiveCfg = Debug|ARM
		{73E7E04F-8887-41BF-9CED-FB51F8AE3C1D}.Debug|ARM.Build.0 = Debug|ARM
		{73E7E04F-8887-41BF-9CED-FB51F8AE3C1D}.Debug|ARM.Deploy.0 = Debug|ARM
		{73E7E04F-8887-41BF-9CED-FB51F8AE3C1D}.Debug|x64.ActiveCfg = Debug|Any CPU
		{73E7E04F-8887-41BF-9CED-FB51F8AE3C1D}.Debug|x86.ActiveCfg = Debug|x86
		{73E7E04F-8887-41BF-9CED-FB51F8AE3C1D}.Debug|x86.Build.0 = Debug|x86
		{73E7E04F-8887-41BF-9CED-FB51F8AE3C1D}.Debug|x86.Deploy.0 = Debug|x86
		{73E7E04F-8887-41BF-9CED-FB51F8AE3C1D}.Release|Any CPU.ActiveCfg = Release|Any CPU
		{73E7E04F-8887-41BF-9CED-FB51F8AE3C1D}.Release|Any CPU.Build.0 = Release|Any CPU
		{73E7E04F-8887-41BF-9CED-FB51F8AE3C1D}.Release|Any CPU.Deploy.0 = Release|Any CPU
		{73E7E04F-8887-41BF-9CED-FB51F8AE3C1D}.Release|ARM.ActiveCfg = Release|ARM
		{73E7E04F-8887-41BF-9CED-FB51F8AE3C1D}.Release|ARM.Build.0 = Release|ARM
		{73E7E04F-8887-41BF-9CED-FB51F8AE3C1D}.Release|ARM.Deploy.0 = Release|ARM
		{73E7E04F-8887-41BF-9CED-FB51F8AE3C1D}.Release|x64.ActiveCfg = Release|Any CPU
		{73E7E04F-8887-41BF-9CED-FB51F8AE3C1D}.Release|x86.ActiveCfg = Release|x86
		{73E7E04F-8887-41BF-9CED-FB51F8AE3C1D}.Release|x86.Build.0 = Release|x86
		{73E7E04F-8887-41BF-9CED-FB51F8AE3C1D}.Release|x86.Deploy.0 = Release|x86
		{00638684-58CA-46D0-A8F6-FDE361915791}.Debug|Any CPU.ActiveCfg = Debug|Any CPU
		{00638684-58CA-46D0-A8F6-FDE361915791}.Debug|Any CPU.Build.0 = Debug|Any CPU
		{00638684-58CA-46D0-A8F6-FDE361915791}.Debug|ARM.ActiveCfg = Debug|Any CPU
		{00638684-58CA-46D0-A8F6-FDE361915791}.Debug|x64.ActiveCfg = Debug|Any CPU
		{00638684-58CA-46D0-A8F6-FDE361915791}.Debug|x86.ActiveCfg = Debug|Any CPU
		{00638684-58CA-46D0-A8F6-FDE361915791}.Release|Any CPU.ActiveCfg = Release|Any CPU
		{00638684-58CA-46D0-A8F6-FDE361915791}.Release|Any CPU.Build.0 = Release|Any CPU
		{00638684-58CA-46D0-A8F6-FDE361915791}.Release|ARM.ActiveCfg = Release|Any CPU
		{00638684-58CA-46D0-A8F6-FDE361915791}.Release|x64.ActiveCfg = Release|Any CPU
		{00638684-58CA-46D0-A8F6-FDE361915791}.Release|x86.ActiveCfg = Release|Any CPU
		{4ADD2892-4068-4814-801C-0EF5807B002D}.Debug|Any CPU.ActiveCfg = Debug|Any CPU
		{4ADD2892-4068-4814-801C-0EF5807B002D}.Debug|Any CPU.Build.0 = Debug|Any CPU
		{4ADD2892-4068-4814-801C-0EF5807B002D}.Debug|ARM.ActiveCfg = Debug|Any CPU
		{4ADD2892-4068-4814-801C-0EF5807B002D}.Debug|x64.ActiveCfg = Debug|Any CPU
		{4ADD2892-4068-4814-801C-0EF5807B002D}.Debug|x86.ActiveCfg = Debug|Any CPU
		{4ADD2892-4068-4814-801C-0EF5807B002D}.Release|Any CPU.ActiveCfg = Release|Any CPU
		{4ADD2892-4068-4814-801C-0EF5807B002D}.Release|Any CPU.Build.0 = Release|Any CPU
		{4ADD2892-4068-4814-801C-0EF5807B002D}.Release|ARM.ActiveCfg = Release|Any CPU
		{4ADD2892-4068-4814-801C-0EF5807B002D}.Release|x64.ActiveCfg = Release|Any CPU
		{4ADD2892-4068-4814-801C-0EF5807B002D}.Release|x86.ActiveCfg = Release|Any CPU
	EndGlobalSection
	GlobalSection(SolutionProperties) = preSolution
		HideSolutionNode = FALSE
	EndGlobalSection
	GlobalSection(NestedProjects) = preSolution
		{CDD136D8-F3D7-46AB-A212-FC13EA199AE4} = {35E488C6-ECAD-4EA8-8C1C-8DDBC2494027}
		{03DE1B31-C1EB-4AE2-A4DC-72D48B9A4334} = {35E488C6-ECAD-4EA8-8C1C-8DDBC2494027}
		{73E7E04F-8887-41BF-9CED-FB51F8AE3C1D} = {35E488C6-ECAD-4EA8-8C1C-8DDBC2494027}
		{00638684-58CA-46D0-A8F6-FDE361915791} = {26938B02-E726-43F5-84CE-C0BC700C0BF6}
		{4ADD2892-4068-4814-801C-0EF5807B002D} = {35E488C6-ECAD-4EA8-8C1C-8DDBC2494027}
	EndGlobalSection
EndGlobal
